{
  "name": "v3.0-contract",
  "version": "3.0.0",
  "lockfileVersion": 3,
  "requires": true,
  "packages": {
    "": {
      "name": "v3.0-contract",
      "version": "3.0.0",
      "dependencies": {
        "adm-zip": "0.5.10",
        "hotpocket-nodejs-contract": "0.7.4"
      }
    },
    "node_modules/adm-zip": {
      "version": "0.5.10",
      "resolved": "https://registry.npmjs.org/adm-zip/-/adm-zip-0.5.10.tgz",
      "integrity": "sha512-x0HvcHqVJNTPk/Bw8JbLWlWoo6Wwnsug0fnYYro1HBrjxZ3G7/AZk7Ahv8JwDe1uIcz8eBqvu86FuF1POiG7vQ==",
      "license": "MIT",
      "engines": {
        "node": ">=6.0"
      }
    },
    "node_modules/hotpocket-nodejs-contract": {
      "version": "0.7.4",
      "resolved": "https://registry.npmjs.org/hotpocket-nodejs-contract/-/hotpocket-nodejs-contract-0.7.4.tgz",
      "integrity": "sha512-rLCZm1bWoqV5j+xUFbnWF6XWurO5D43dus9h4SRftusO52n4GOdMsHmFIW7kezXGsHCre9iLzFl0R33aZ9/nSg==",
      "license": "SEE LICENSE IN https://raw.githubusercontent.com/EvernodeXRPL/evernode-resources/main/license/evernode-license.pdf"
    }
  }
}
